
Microsoft Visual Studio Solution File, Format Version 12.00
# Visual Studio Version 16
VisualStudioVersion = 16.0.29001.49
MinimumVisualStudioVersion = 10.0.40219.1
Project("{FAE04EC0-301F-11D3-BF4B-00C04F79EFBC}") = "BlackFriday", "BlackFriday\BlackFriday.csproj", "{EA321ECD-810A-403C-A1D9-E6AFE03C8DBA}"
EndProject
Global
	GlobalSection(SolutionConfigurationPlatforms) = preSolution
		Debug|Any CPU = Debug|Any CPU
		Release|Any CPU = Release|Any CPU
	EndGlobalSection
	GlobalSection(ProjectConfigurationPlatforms) = postSolution
		{EA321ECD-810A-403C-A1D9-E6AFE03C8DBA}.Debug|Any CPU.ActiveCfg = Debug|Any CPU
		{EA321ECD-810A-403C-A1D9-E6AFE03C8DBA}.Debug|Any CPU.Build.0 = Debug|Any CPU
		{EA321ECD-810A-403C-A1D9-E6AFE03C8DBA}.Release|Any CPU.ActiveCfg = Release|Any CPU
		{EA321ECD-810A-403C-A1D9-E6AFE03C8DBA}.Release|Any CPU.Build.0 = Release|Any CPU
	EndGlobalSection
	GlobalSection(SolutionProperties) = preSolution
		HideSolutionNode = FALSE
	EndGlobalSection
	GlobalSection(ExtensibilityGlobals) = postSolution
		SolutionGuid = {C8956155-AA7A-4A66-B053-A0408B6B3C0B}
	EndGlobalSection
EndGlobal
